
Microsoft Visual Studio Solution File, Format Version 12.00
# Visual Studio 15
VisualStudioVersion = 15.0.27004.2010
MinimumVisualStudioVersion = 10.0.40219.1
Project("{9A19103F-16F7-4668-BE54-9A1E7A4F7556}") = "aspnetcoreapp", "aspnetcoreapp.csproj", "{1B58BCF1-3ABC-4CA6-9B2A-25BE2B990375}"
EndProject
Project("{E53339B2-1760-4266-BCC7-CA923CBCF16C}") = "docker-compose", "docker-compose.dcproj", "{1AC54EA9-B641-46EB-969B-B11FE61CE427}"
EndProject
Global
	GlobalSection(SolutionConfigurationPlatforms) = preSolution
		Debug|Any CPU = Debug|Any CPU
		Release|Any CPU = Release|Any CPU
	EndGlobalSection
	GlobalSection(ProjectConfigurationPlatforms) = postSolution
		{1B58BCF1-3ABC-4CA6-9B2A-25BE2B990375}.Debug|Any CPU.ActiveCfg = Debug|Any CPU
		{1B58BCF1-3ABC-4CA6-9B2A-25BE2B990375}.Debug|Any CPU.Build.0 = Debug|Any CPU
		{1B58BCF1-3ABC-4CA6-9B2A-25BE2B990375}.Release|Any CPU.ActiveCfg = Release|Any CPU
		{1B58BCF1-3ABC-4CA6-9B2A-25BE2B990375}.Release|Any CPU.Build.0 = Release|Any CPU
		{1AC54EA9-B641-46EB-969B-B11FE61CE427}.Debug|Any CPU.ActiveCfg = Debug|Any CPU
		{1AC54EA9-B641-46EB-969B-B11FE61CE427}.Debug|Any CPU.Build.0 = Debug|Any CPU
		{1AC54EA9-B641-46EB-969B-B11FE61CE427}.Release|Any CPU.ActiveCfg = Release|Any CPU
		{1AC54EA9-B641-46EB-969B-B11FE61CE427}.Release|Any CPU.Build.0 = Release|Any CPU
	EndGlobalSection
	GlobalSection(SolutionProperties) = preSolution
		HideSolutionNode = FALSE
	EndGlobalSection
	GlobalSection(ExtensibilityGlobals) = postSolution
		SolutionGuid = {977B3421-BE66-474F-977C-DE320C48903C}
	EndGlobalSection
EndGlobal
